version = 1
revision = 2
requires-python = ">=3.10"
resolution-markers = [
    "platform_machine == 'arm64' and sys_platform == 'darwin'",
    "platform_machine == 'aarch64' and sys_platform == 'linux'",
    "(platform_machine != 'arm64' and sys_platform == 'darwin') or (platform_machine != 'aarch64' and sys_platform == 'linux') or (sys_platform != 'darwin' and sys_platform != 'linux')",
]

[[package]]
name = "ArcaeaChartRender"
version = "1.0.0"
source = { virtual = "." }
dependencies = [
    { name = "numpy" },
    { name = "opencv-python" },
    { name = "pillow" },
    { name = "pydantic" },
    { name = "pyparsing" },
]

[package.metadata]
requires-dist = [
    { name = "numpy", specifier = "==1.23.5" },
    { name = "opencv-python", specifier = "~=4.5.5.64" },
    { name = "pillow", specifier = "~=9.1.1" },
    { name = "pydantic", specifier = "~=1.9.1" },
    { name = "pyparsing", specifier = "~=3.0.9" },
]

[[package]]
name = "numpy"
version = "1.23.5"
source = { registry = "https://pypi.org/simple" }
sdist = { url = "https://files.pythonhosted.org/packages/42/38/775b43da55fa7473015eddc9a819571517d9a271a9f8134f68fb9be2f212/numpy-1.23.5.tar.gz", hash = "sha256:1b1766d6f397c18153d40015ddfc79ddb715cabadc04d2d228d4e5a8bc4ded1a", size = 10731755, upload_time = "2022-11-20T01:31:41.068Z" }
wheels = [
    { url = "https://files.pythonhosted.org/packages/0f/ae/dad4b8e7c65494cbbd1c063de114efaf9acd0f5f6171f044f0d4b6299787/numpy-1.23.5-cp310-cp310-macosx_10_9_x86_64.whl", hash = "sha256:9c88793f78fca17da0145455f0d7826bcb9f37da4764af27ac945488116efe63", size = 18118138, upload_time = "2022-11-20T01:21:22.661Z" },
    { url = "https://files.pythonhosted.org/packages/4d/39/d33202cc56c21123a50c6d5e160d00c18ff685ab864dbd4bf80dd40a7af9/numpy-1.23.5-cp310-cp310-macosx_11_0_arm64.whl", hash = "sha256:e9f4c4e51567b616be64e05d517c79a8a22f3606499941d97bb76f2ca59f982d", size = 13350465, upload_time = "2022-11-20T01:21:43.839Z" },
    { url = "https://files.pythonhosted.org/packages/67/6b/d7c93d458d16464da9b3f560a20c363a19e242ebbb019bd1e1d797523851/numpy-1.23.5-cp310-cp310-manylinux_2_17_aarch64.manylinux2014_aarch64.whl", hash = "sha256:7903ba8ab592b82014713c491f6c5d3a1cde5b4a3bf116404e08f5b52f6daf43", size = 13946528, upload_time = "2022-11-20T01:22:04.839Z" },
    { url = "https://files.pythonhosted.org/packages/e4/f3/679b3a042a127de0d7c84874913c3e23bb84646eb3bc6ecab3f8c872edc9/numpy-1.23.5-cp310-cp310-manylinux_2_17_x86_64.manylinux2014_x86_64.whl", hash = "sha256:5e05b1c973a9f858c74367553e236f287e749465f773328c8ef31abe18f691e1", size = 17059657, upload_time = "2022-11-20T01:22:30.262Z" },
    { url = "https://files.pythonhosted.org/packages/af/92/8efba008b9bda66456a1844a0e133dc76c08c5fb68c67a674f046211db29/numpy-1.23.5-cp310-cp310-win32.whl", hash = "sha256:522e26bbf6377e4d76403826ed689c295b0b238f46c28a7251ab94716da0b280", size = 12197097, upload_time = "2022-11-20T01:22:49.117Z" },
    { url = "https://files.pythonhosted.org/packages/6a/03/ae6c3c307f9c5c7516de3df3e764ebb1de33e54e197f0370992138433ef4/numpy-1.23.5-cp310-cp310-win_amd64.whl", hash = "sha256:dbee87b469018961d1ad79b1a5d50c0ae850000b639bcb1b694e9981083243b6", size = 14647128, upload_time = "2022-11-20T01:23:11.326Z" },
    { url = "https://files.pythonhosted.org/packages/6e/7f/94797cfe0263a30805f3074e535adfde02b885ac43d1e4dac85f82213b0b/numpy-1.23.5-cp311-cp311-macosx_10_9_x86_64.whl", hash = "sha256:ce571367b6dfe60af04e04a1834ca2dc5f46004ac1cc756fb95319f64c095a96", size = 18089545, upload_time = "2022-11-20T01:23:38.331Z" },
    { url = "https://files.pythonhosted.org/packages/b8/d0/e6a2cb9a3f3e863a43e50949e9ae704be70baf398fd5af59355f65c8740a/numpy-1.23.5-cp311-cp311-macosx_11_0_arm64.whl", hash = "sha256:56e454c7833e94ec9769fa0f86e6ff8e42ee38ce0ce1fa4cbb747ea7e06d56aa", size = 13323710, upload_time = "2022-11-20T01:23:59.294Z" },
    { url = "https://files.pythonhosted.org/packages/2b/1a/9ac00116d3a64b5ea031fdb2ff071062a6e2140553fa0770b5f007b84252/numpy-1.23.5-cp311-cp311-manylinux_2_17_aarch64.manylinux2014_aarch64.whl", hash = "sha256:5039f55555e1eab31124a5768898c9e22c25a65c1e0037f4d7c495a45778c9f2", size = 13941957, upload_time = "2022-11-20T01:24:20.119Z" },
    { url = "https://files.pythonhosted.org/packages/e8/ad/b935c7421657a032fd2a5332eed098f3b9993a155afceb1daa280ff6611f/numpy-1.23.5-cp311-cp311-manylinux_2_17_x86_64.manylinux2014_x86_64.whl", hash = "sha256:58f545efd1108e647604a1b5aa809591ccd2540f468a880bedb97247e72db387", size = 17056806, upload_time = "2022-11-20T01:24:45.574Z" },
    { url = "https://files.pythonhosted.org/packages/9b/55/a2669debe264b1f22a8133734595128e40b96a8066e17e53e8d160168e41/numpy-1.23.5-cp311-cp311-win32.whl", hash = "sha256:b2a9ab7c279c91974f756c84c365a669a887efa287365a8e2c418f8b3ba73fb0", size = 12190498, upload_time = "2022-11-20T01:25:04.859Z" },
    { url = "https://files.pythonhosted.org/packages/19/0d/b8c34e4baf258d77a8592bdce45183e9a12874c167f5966c7dd467b74ea9/numpy-1.23.5-cp311-cp311-win_amd64.whl", hash = "sha256:0cbe9848fad08baf71de1a39e12d1b6310f1d5b2d0ea4de051058e6e1076852d", size = 14638838, upload_time = "2022-11-20T01:25:26.972Z" },
]

[[package]]
name = "opencv-python"
version = "4.5.5.64"
source = { registry = "https://pypi.org/simple" }
dependencies = [
    { name = "numpy" },
]
sdist = { url = "https://files.pythonhosted.org/packages/3c/61/ee4496192ed27f657532fdf0d814b05b9787e7fc5122ed3ca57282bae69c/opencv-python-4.5.5.64.tar.gz", hash = "sha256:f65de0446a330c3b773cd04ba10345d8ce1b15dcac3f49770204e37602d0b3f7", size = 89920521, upload_time = "2022-03-09T05:49:55.206Z" }
wheels = [
    { url = "https://files.pythonhosted.org/packages/30/81/0baa771f44a0898ea9eaa7437f76d429608aee591d080cc521760b704bad/opencv_python-4.5.5.64-cp36-abi3-macosx_10_15_x86_64.whl", hash = "sha256:a512a0c59b6fec0fac3844b2f47d6ecb1a9d18d235e6c5491ce8dbbe0663eae8", size = 46275082, upload_time = "2022-03-09T05:49:04.317Z" },
    { url = "https://files.pythonhosted.org/packages/e0/a3/f1df79206764a122f7fe05084909cf20581cfb66a78677636382ec1b2231/opencv_python-4.5.5.64-cp36-abi3-manylinux_2_17_aarch64.manylinux2014_aarch64.whl", hash = "sha256:ca6138b6903910e384067d001763d40f97656875487381aed32993b076f44375", size = 39198141, upload_time = "2022-03-09T05:48:12.273Z" },
    { url = "https://files.pythonhosted.org/packages/67/50/665a503167396ad347957bea0bd8d5c08c865030b2d1565ff06eba613780/opencv_python-4.5.5.64-cp36-abi3-manylinux_2_17_x86_64.manylinux2014_x86_64.whl", hash = "sha256:b293ced62f4360d9f11cf72ae7e9df95320ff7bf5b834d87546f844e838c0c35", size = 60533468, upload_time = "2022-03-09T05:49:49.875Z" },
    { url = "https://files.pythonhosted.org/packages/e2/a1/564ef5b166b677e3e6ff3b907f099d501dded7980613ad969c114b61a449/opencv_python-4.5.5.64-cp36-abi3-win32.whl", hash = "sha256:6247e584813c00c3b9ed69a795da40d2c153dc923d0182e957e1c2f00a554ac2", size = 26039424, upload_time = "2022-03-09T05:50:49.652Z" },
    { url = "https://files.pythonhosted.org/packages/48/c3/798bd7b8f78430f82ec0660b753106717e4e4bb8032ce56f77d8577cb24b/opencv_python-4.5.5.64-cp36-abi3-win_amd64.whl", hash = "sha256:408d5332550287aa797fd06bef47b2dfed163c6787668cc82ef9123a9484b56a", size = 35383167, upload_time = "2022-03-09T05:50:53.813Z" },
    { url = "https://files.pythonhosted.org/packages/53/7c/83d60d978c393f3b8c9e0b87d95ccb283636c3f640d7eeedf26f6e356c04/opencv_python-4.5.5.64-cp37-abi3-macosx_11_0_arm64.whl", hash = "sha256:7787bb017ae93d5f9bb1b817ac8e13e45dd193743cb648498fcab21d00cf20a3", size = 29907129, upload_time = "2022-03-09T05:47:44.07Z" },
]

[[package]]
name = "pillow"
version = "9.1.1"
source = { registry = "https://pypi.org/simple" }
sdist = { url = "https://files.pythonhosted.org/packages/43/6e/59853546226ee6200f9ba6e574d11604b60ad0754d2cbd1c8f3246b70418/Pillow-9.1.1.tar.gz", hash = "sha256:7502539939b53d7565f3d11d87c78e7ec900d3c72945d4ee0e2f250d598309a0", size = 49764564, upload_time = "2022-05-17T16:36:13.16Z" }
wheels = [
    { url = "https://files.pythonhosted.org/packages/12/8e/ae0a7bad43a812e86cfb6b76e9bfd9ca469cd62253857c23eb1c4bcf6675/Pillow-9.1.1-cp310-cp310-macosx_10_10_x86_64.whl", hash = "sha256:42dfefbef90eb67c10c45a73a9bc1599d4dac920f7dfcbf4ec6b80cb620757fe", size = 3120353, upload_time = "2022-05-17T16:34:46.065Z" },
    { url = "https://files.pythonhosted.org/packages/82/57/b6d336373c6f3e2cc55418096d4d9a8c499ce11710e45fe394a99ba363da/Pillow-9.1.1-cp310-cp310-macosx_11_0_arm64.whl", hash = "sha256:ffde4c6fabb52891d81606411cbfaf77756e3b561b566efd270b3ed3791fde4e", size = 2769438, upload_time = "2022-05-17T16:34:48.465Z" },
    { url = "https://files.pythonhosted.org/packages/d4/b1/fd59075b9ab0df54d25d1276916188e76350a6bcc6244eabe0b24ab8e7ad/Pillow-9.1.1-cp310-cp310-manylinux_2_17_aarch64.manylinux2014_aarch64.whl", hash = "sha256:9c857532c719fb30fafabd2371ce9b7031812ff3889d75273827633bca0c4602", size = 3048768, upload_time = "2022-05-17T22:02:01.733Z" },
    { url = "https://files.pythonhosted.org/packages/62/c9/13cfb26fde017ddde099201756918eb13d9e449ab6a52b6d0a455ea54786/Pillow-9.1.1-cp310-cp310-manylinux_2_17_i686.manylinux2014_i686.whl", hash = "sha256:59789a7d06c742e9d13b883d5e3569188c16acb02eeed2510fd3bfdbc1bd1530", size = 3231706, upload_time = "2022-05-17T16:34:50.748Z" },
    { url = "https://files.pythonhosted.org/packages/ea/b9/a6de0fcd81760d8d52ff9054cd84ba5eb75c2cf5043e3b4fad9119ebf9d9/Pillow-9.1.1-cp310-cp310-manylinux_2_17_x86_64.manylinux2014_x86_64.whl", hash = "sha256:4d45dbe4b21a9679c3e8b3f7f4f42a45a7d3ddff8a4a16109dff0e1da30a35b2", size = 3148293, upload_time = "2022-05-17T16:34:52.975Z" },
    { url = "https://files.pythonhosted.org/packages/f3/93/97d83b100e660431028411d4c459c2c10f528e4257df9f9bb03a0a55adac/Pillow-9.1.1-cp310-cp310-musllinux_1_1_x86_64.whl", hash = "sha256:e9ed59d1b6ee837f4515b9584f3d26cf0388b742a11ecdae0d9237a94505d03a", size = 3248141, upload_time = "2022-05-17T16:34:55.441Z" },
    { url = "https://files.pythonhosted.org/packages/f9/82/086062194530858eed1d4b35e7f824d5891ad54fd46662199e65ae4d4f6f/Pillow-9.1.1-cp310-cp310-win32.whl", hash = "sha256:b3fe2ff1e1715d4475d7e2c3e8dabd7c025f4410f79513b4ff2de3d51ce0fa9c", size = 2838092, upload_time = "2022-05-17T16:34:58.123Z" },
    { url = "https://files.pythonhosted.org/packages/0a/f8/f4a5e9c5f35fbb2e3bfd9b9596d0937e8242ae14ae4172da12dd770c7bdc/Pillow-9.1.1-cp310-cp310-win_amd64.whl", hash = "sha256:5b650dbbc0969a4e226d98a0b440c2f07a850896aed9266b6fedc0f7e7834108", size = 3284173, upload_time = "2022-05-17T16:35:00.391Z" },
]

[[package]]
name = "pydantic"
version = "1.9.2"
source = { registry = "https://pypi.org/simple" }
dependencies = [
    { name = "typing-extensions" },
]
sdist = { url = "https://files.pythonhosted.org/packages/fd/8f/3f7e88b507dbdfec8f1f914294aa8831edffb03d668799c65b4b46331c8a/pydantic-1.9.2.tar.gz", hash = "sha256:8cb0bc509bfb71305d7a59d00163d5f9fc4530f0881ea32c74ff4f74c85f3d3d", size = 307957, upload_time = "2022-08-11T13:27:52.189Z" }
wheels = [
    { url = "https://files.pythonhosted.org/packages/36/23/e7609029b3a71c95613e132e8abcfae2bff2da0aa6d894bad2f0048a3895/pydantic-1.9.2-cp310-cp310-macosx_10_9_x86_64.whl", hash = "sha256:9c9e04a6cdb7a363d7cb3ccf0efea51e0abb48e180c0d31dca8d247967d85c6e", size = 2919556, upload_time = "2022-08-11T13:26:04.575Z" },
    { url = "https://files.pythonhosted.org/packages/60/ed/40e339ee852bf1e261b24f1917e6ad6814d488ee23bff91f9e275bfe58e5/pydantic-1.9.2-cp310-cp310-macosx_11_0_arm64.whl", hash = "sha256:fafe841be1103f340a24977f61dee76172e4ae5f647ab9e7fd1e1fca51524f08", size = 2428848, upload_time = "2022-08-11T13:26:07.656Z" },
    { url = "https://files.pythonhosted.org/packages/85/15/fc8232045224fbc566c2e5f618f17519eb2ae8f15e9e63d6f3363ece7421/pydantic-1.9.2-cp310-cp310-manylinux_2_17_x86_64.manylinux2014_x86_64.whl", hash = "sha256:afacf6d2a41ed91fc631bade88b1d319c51ab5418870802cedb590b709c5ae3c", size = 12008336, upload_time = "2022-08-11T13:26:10.461Z" },
    { url = "https://files.pythonhosted.org/packages/a1/ef/b9cc1565084701825f4b21ef87bc965025cf5b80b2cb647e668accab1602/pydantic-1.9.2-cp310-cp310-manylinux_2_5_i686.manylinux1_i686.manylinux_2_17_i686.manylinux2014_i686.whl", hash = "sha256:3ee0d69b2a5b341fc7927e92cae7ddcfd95e624dfc4870b32a85568bd65e6131", size = 11448444, upload_time = "2022-08-11T13:26:13.909Z" },
    { url = "https://files.pythonhosted.org/packages/ca/e3/4083d8f5d6691d677be9a99d53a66da3cbecc91cafc6c48d08c75490b3ba/pydantic-1.9.2-cp310-cp310-musllinux_1_1_i686.whl", hash = "sha256:ff68fc85355532ea77559ede81f35fff79a6a5543477e168ab3a381887caea76", size = 11606533, upload_time = "2022-08-11T13:26:16.917Z" },
    { url = "https://files.pythonhosted.org/packages/f7/ea/05d5fa5ab16536524258c73e932e2c417e47fffa33a939bf7c12e956b961/pydantic-1.9.2-cp310-cp310-musllinux_1_1_x86_64.whl", hash = "sha256:c0f5e142ef8217019e3eef6ae1b6b55f09a7a15972958d44fbd228214cede567", size = 12154936, upload_time = "2022-08-11T13:26:20.368Z" },
    { url = "https://files.pythonhosted.org/packages/e6/b7/e50089199de9952f7156b8931c2bcd3db6654845d6c453046e9073a5f56d/pydantic-1.9.2-cp310-cp310-win_amd64.whl", hash = "sha256:615661bfc37e82ac677543704437ff737418e4ea04bef9cf11c6d27346606044", size = 1964262, upload_time = "2022-08-11T13:26:23.488Z" },
    { url = "https://files.pythonhosted.org/packages/fe/27/0de772dcd0517770b265dbc3998ed3ee3aa2ba25ba67e3685116cbbbccc6/pydantic-1.9.2-py3-none-any.whl", hash = "sha256:78a4d6bdfd116a559aeec9a4cfe77dda62acc6233f8b56a716edad2651023e5e", size = 143326, upload_time = "2022-08-11T13:27:50.003Z" },
]

[[package]]
name = "pyparsing"
version = "3.0.9"
source = { registry = "https://pypi.org/simple" }
sdist = { url = "https://files.pythonhosted.org/packages/71/22/207523d16464c40a0310d2d4d8926daffa00ac1f5b1576170a32db749636/pyparsing-3.0.9.tar.gz", hash = "sha256:2b020ecf7d21b687f219b71ecad3631f644a47f01403fa1d1036b0c6416d70fb", size = 1999906, upload_time = "2022-05-10T23:26:05.963Z" }
wheels = [
    { url = "https://files.pythonhosted.org/packages/6c/10/a7d0fa5baea8fe7b50f448ab742f26f52b80bfca85ac2be9d35cdd9a3246/pyparsing-3.0.9-py3-none-any.whl", hash = "sha256:5026bae9a10eeaefb61dab2f09052b9f4307d44aee4eda64b309723d8d206bbc", size = 98338, upload_time = "2022-05-10T23:26:03.201Z" },
]

[[package]]
name = "typing-extensions"
version = "4.13.2"
source = { registry = "https://pypi.org/simple" }
sdist = { url = "https://files.pythonhosted.org/packages/f6/37/23083fcd6e35492953e8d2aaaa68b860eb422b34627b13f2ce3eb6106061/typing_extensions-4.13.2.tar.gz", hash = "sha256:e6c81219bd689f51865d9e372991c540bda33a0379d5573cddb9a3a23f7caaef", size = 106967, upload_time = "2025-04-10T14:19:05.416Z" }
wheels = [
    { url = "https://files.pythonhosted.org/packages/8b/54/b1ae86c0973cc6f0210b53d508ca3641fb6d0c56823f288d108bc7ab3cc8/typing_extensions-4.13.2-py3-none-any.whl", hash = "sha256:a439e7c04b49fec3e5d3e2beaa21755cadbbdc391694e28ccdd36ca4a1408f8c", size = 45806, upload_time = "2025-04-10T14:19:03.967Z" },
]
